
Microsoft Visual Studio Solution File, Format Version 12.00
# Visual Studio Version 17
VisualStudioVersion = 17.6.33815.320
MinimumVisualStudioVersion = 10.0.40219.1
Project("{FAE04EC0-301F-11D3-BF4B-00C04F79EFBC}") = "TestFluentValidation", "TestFluentValidation\TestFluentValidation.csproj", "{910321F3-93D0-4135-A49D-1C483CC95648}"
EndProject
Global
	GlobalSection(SolutionConfigurationPlatforms) = preSolution
		Debug|Any CPU = Debug|Any CPU
		Release|Any CPU = Release|Any CPU
	EndGlobalSection
	GlobalSection(ProjectConfigurationPlatforms) = postSolution
		{910321F3-93D0-4135-A49D-1C483CC95648}.Debug|Any CPU.ActiveCfg = Debug|Any CPU
		{910321F3-93D0-4135-A49D-1C483CC95648}.Debug|Any CPU.Build.0 = Debug|Any CPU
		{910321F3-93D0-4135-A49D-1C483CC95648}.Release|Any CPU.ActiveCfg = Release|Any CPU
		{910321F3-93D0-4135-A49D-1C483CC95648}.Release|Any CPU.Build.0 = Release|Any CPU
	EndGlobalSection
	GlobalSection(SolutionProperties) = preSolution
		HideSolutionNode = FALSE
	EndGlobalSection
	GlobalSection(ExtensibilityGlobals) = postSolution
		SolutionGuid = {40400B3E-47C5-4A19-B15C-EAE807A3FE5C}
	EndGlobalSection
EndGlobal
