
Microsoft Visual Studio Solution File, Format Version 12.00
# Visual Studio Version 17
VisualStudioVersion = 17.8.34525.116
MinimumVisualStudioVersion = 10.0.40219.1
Project("{FAE04EC0-301F-11D3-BF4B-00C04F79EFBC}") = "BuscaTextoEmLista", "BuscaTextoEmLista\BuscaTextoEmLista.csproj", "{790720A3-0B45-4946-99EF-074BC39E524B}"
EndProject
Global
	GlobalSection(SolutionConfigurationPlatforms) = preSolution
		Debug|Any CPU = Debug|Any CPU
		Release|Any CPU = Release|Any CPU
	EndGlobalSection
	GlobalSection(ProjectConfigurationPlatforms) = postSolution
		{790720A3-0B45-4946-99EF-074BC39E524B}.Debug|Any CPU.ActiveCfg = Debug|Any CPU
		{790720A3-0B45-4946-99EF-074BC39E524B}.Debug|Any CPU.Build.0 = Debug|Any CPU
		{790720A3-0B45-4946-99EF-074BC39E524B}.Release|Any CPU.ActiveCfg = Release|Any CPU
		{790720A3-0B45-4946-99EF-074BC39E524B}.Release|Any CPU.Build.0 = Release|Any CPU
	EndGlobalSection
	GlobalSection(SolutionProperties) = preSolution
		HideSolutionNode = FALSE
	EndGlobalSection
	GlobalSection(ExtensibilityGlobals) = postSolution
		SolutionGuid = {602D43D7-8EA0-491E-88F0-10CB3141262F}
	EndGlobalSection
EndGlobal
