
Microsoft Visual Studio Solution File, Format Version 12.00
# Visual Studio Version 17
VisualStudioVersion = 17.0.32112.339
MinimumVisualStudioVersion = 10.0.40219.1
Project("{FAE04EC0-301F-11D3-BF4B-00C04F79EFBC}") = "SignalRChat", "SignalRChat\SignalRChat.csproj", "{50FF472C-F00D-4FE0-A340-FD78DF9A1E98}"
EndProject
Global
	GlobalSection(SolutionConfigurationPlatforms) = preSolution
		Debug|Any CPU = Debug|Any CPU
		Release|Any CPU = Release|Any CPU
	EndGlobalSection
	GlobalSection(ProjectConfigurationPlatforms) = postSolution
		{50FF472C-F00D-4FE0-A340-FD78DF9A1E98}.Debug|Any CPU.ActiveCfg = Debug|Any CPU
		{50FF472C-F00D-4FE0-A340-FD78DF9A1E98}.Debug|Any CPU.Build.0 = Debug|Any CPU
		{50FF472C-F00D-4FE0-A340-FD78DF9A1E98}.Release|Any CPU.ActiveCfg = Release|Any CPU
		{50FF472C-F00D-4FE0-A340-FD78DF9A1E98}.Release|Any CPU.Build.0 = Release|Any CPU
	EndGlobalSection
	GlobalSection(SolutionProperties) = preSolution
		HideSolutionNode = FALSE
	EndGlobalSection
	GlobalSection(ExtensibilityGlobals) = postSolution
		SolutionGuid = {BFD24BC4-B724-417A-911A-47B86FECBF27}
	EndGlobalSection
EndGlobal
